
Microsoft Visual Studio Solution File, Format Version 12.00
# Visual Studio Version 17
VisualStudioVersion = 17.5.33516.290
MinimumVisualStudioVersion = 10.0.40219.1
Project("{FAE04EC0-301F-11D3-BF4B-00C04F79EFBC}") = "ConsoleUI", "ConsoleUI\ConsoleUI.csproj", "{6694239A-08B5-4774-9DB7-44E88D931768}"
EndProject
Project("{FAE04EC0-301F-11D3-BF4B-00C04F79EFBC}") = "FormUI", "FormUI\FormUI.csproj", "{1F060562-D6B2-4401-BF80-6C792F665240}"
EndProject
Project("{FAE04EC0-301F-11D3-BF4B-00C04F79EFBC}") = "LinqLibrary", "LinqLibrary\LinqLibrary.csproj", "{30EE805A-F4F4-4300-A77B-721CEC3A133D}"
EndProject
Global
	GlobalSection(SolutionConfigurationPlatforms) = preSolution
		Debug|Any CPU = Debug|Any CPU
		Release|Any CPU = Release|Any CPU
	EndGlobalSection
	GlobalSection(ProjectConfigurationPlatforms) = postSolution
		{6694239A-08B5-4774-9DB7-44E88D931768}.Debug|Any CPU.ActiveCfg = Debug|Any CPU
		{6694239A-08B5-4774-9DB7-44E88D931768}.Debug|Any CPU.Build.0 = Debug|Any CPU
		{6694239A-08B5-4774-9DB7-44E88D931768}.Release|Any CPU.ActiveCfg = Release|Any CPU
		{6694239A-08B5-4774-9DB7-44E88D931768}.Release|Any CPU.Build.0 = Release|Any CPU
		{1F060562-D6B2-4401-BF80-6C792F665240}.Debug|Any CPU.ActiveCfg = Debug|Any CPU
		{1F060562-D6B2-4401-BF80-6C792F665240}.Debug|Any CPU.Build.0 = Debug|Any CPU
		{1F060562-D6B2-4401-BF80-6C792F665240}.Release|Any CPU.ActiveCfg = Release|Any CPU
		{1F060562-D6B2-4401-BF80-6C792F665240}.Release|Any CPU.Build.0 = Release|Any CPU
		{30EE805A-F4F4-4300-A77B-721CEC3A133D}.Debug|Any CPU.ActiveCfg = Debug|Any CPU
		{30EE805A-F4F4-4300-A77B-721CEC3A133D}.Debug|Any CPU.Build.0 = Debug|Any CPU
		{30EE805A-F4F4-4300-A77B-721CEC3A133D}.Release|Any CPU.ActiveCfg = Release|Any CPU
		{30EE805A-F4F4-4300-A77B-721CEC3A133D}.Release|Any CPU.Build.0 = Release|Any CPU
	EndGlobalSection
	GlobalSection(SolutionProperties) = preSolution
		HideSolutionNode = FALSE
	EndGlobalSection
	GlobalSection(ExtensibilityGlobals) = postSolution
		SolutionGuid = {68492B8B-9645-475F-8283-E9F33826617B}
	EndGlobalSection
EndGlobal
